
Microsoft Visual Studio Solution File, Format Version 12.00
# Visual Studio Version 16
VisualStudioVersion = 16.0.31911.196
MinimumVisualStudioVersion = 10.0.40219.1
Project("{FAE04EC0-301F-11D3-BF4B-00C04F79EFBC}") = "WebAPI", "WebAPI\WebAPI.csproj", "{DC063E3E-B02B-4545-A644-CF3B86BAA90A}"
EndProject
Global
	GlobalSection(SolutionConfigurationPlatforms) = preSolution
		Debug|Any CPU = Debug|Any CPU
		Release|Any CPU = Release|Any CPU
	EndGlobalSection
	GlobalSection(ProjectConfigurationPlatforms) = postSolution
		{DC063E3E-B02B-4545-A644-CF3B86BAA90A}.Debug|Any CPU.ActiveCfg = Debug|Any CPU
		{DC063E3E-B02B-4545-A644-CF3B86BAA90A}.Debug|Any CPU.Build.0 = Debug|Any CPU
		{DC063E3E-B02B-4545-A644-CF3B86BAA90A}.Release|Any CPU.ActiveCfg = Release|Any CPU
		{DC063E3E-B02B-4545-A644-CF3B86BAA90A}.Release|Any CPU.Build.0 = Release|Any CPU
	EndGlobalSection
	GlobalSection(SolutionProperties) = preSolution
		HideSolutionNode = FALSE
	EndGlobalSection
	GlobalSection(ExtensibilityGlobals) = postSolution
		SolutionGuid = {B34338D0-0FD2-44EF-93BA-8A7BD2770AF4}
	EndGlobalSection
EndGlobal
