
Microsoft Visual Studio Solution File, Format Version 12.00
# Visual Studio Version 17
VisualStudioVersion = 17.0.32014.148
MinimumVisualStudioVersion = 10.0.40219.1
Project("{9A19103F-16F7-4668-BE54-9A1E7A4F7556}") = "WebAPI", "WebAPI\WebAPI.csproj", "{DC063E3E-B02B-4545-A644-CF3B86BAA90A}"
EndProject
Project("{FAE04EC0-301F-11D3-BF4B-00C04F79EFBC}") = "WebAPITests", "WebAPITests\WebAPITests.csproj", "{ED812406-C9C9-4B65-884C-7C02A1ADFF8B}"
EndProject
Global
	GlobalSection(SolutionConfigurationPlatforms) = preSolution
		Debug|Any CPU = Debug|Any CPU
		Release|Any CPU = Release|Any CPU
	EndGlobalSection
	GlobalSection(ProjectConfigurationPlatforms) = postSolution
		{DC063E3E-B02B-4545-A644-CF3B86BAA90A}.Debug|Any CPU.ActiveCfg = Debug|Any CPU
		{DC063E3E-B02B-4545-A644-CF3B86BAA90A}.Debug|Any CPU.Build.0 = Debug|Any CPU
		{DC063E3E-B02B-4545-A644-CF3B86BAA90A}.Release|Any CPU.ActiveCfg = Release|Any CPU
		{DC063E3E-B02B-4545-A644-CF3B86BAA90A}.Release|Any CPU.Build.0 = Release|Any CPU
		{ED812406-C9C9-4B65-884C-7C02A1ADFF8B}.Debug|Any CPU.ActiveCfg = Debug|Any CPU
		{ED812406-C9C9-4B65-884C-7C02A1ADFF8B}.Debug|Any CPU.Build.0 = Debug|Any CPU
		{ED812406-C9C9-4B65-884C-7C02A1ADFF8B}.Release|Any CPU.ActiveCfg = Release|Any CPU
		{ED812406-C9C9-4B65-884C-7C02A1ADFF8B}.Release|Any CPU.Build.0 = Release|Any CPU
	EndGlobalSection
	GlobalSection(SolutionProperties) = preSolution
		HideSolutionNode = FALSE
	EndGlobalSection
	GlobalSection(ExtensibilityGlobals) = postSolution
		SolutionGuid = {B34338D0-0FD2-44EF-93BA-8A7BD2770AF4}
	EndGlobalSection
EndGlobal
